// !$*UTF8*$!
{
	archiveVersion = 1;
	classes = {
	};
	objectVersion = 46;
	objects = {

/* Begin PBXBuildFile section */
		47498EE91D3E8A95004AAF9B /* AppDelegate.swift in Sources */ = {isa = PBXBuildFile; fileRef = 47498EE81D3E8A95004AAF9B /* AppDelegate.swift */; };
		47498EEB1D3E8A95004AAF9B /* ViewController.swift in Sources */ = {isa = PBXBuildFile; fileRef = 47498EEA1D3E8A95004AAF9B /* ViewController.swift */; };
		47498EEE1D3E8A95004AAF9B /* Main.storyboard in Resources */ = {isa = PBXBuildFile; fileRef = 47498EEC1D3E8A95004AAF9B /* Main.storyboard */; };
		47498EF01D3E8A95004AAF9B /* Assets.xcassets in Resources */ = {isa = PBXBuildFile; fileRef = 47498EEF1D3E8A95004AAF9B /* Assets.xcassets */; };
		47498EF31D3E8A95004AAF9B /* LaunchScreen.storyboard in Resources */ = {isa = PBXBuildFile; fileRef = 47498EF11D3E8A95004AAF9B /* LaunchScreen.storyboard */; };
		47498EFE1D3E8A95004AAF9B /* MyUnitTestTests.swift in Sources */ = {isa = PBXBuildFile; fileRef = 47498EFD1D3E8A95004AAF9B /* MyUnitTestTests.swift */; };
		47498F091D3E8A96004AAF9B /* MyUnitTestUITests.swift in Sources */ = {isa = PBXBuildFile; fileRef = 47498F081D3E8A96004AAF9B /* MyUnitTestUITests.swift */; };
		47498F1A1D3E8CFB004AAF9B /* ToastSwiftFramework.framework in Frameworks */ = {isa = PBXBuildFile; fileRef = 47498F181D3E8C3A004AAF9B /* ToastSwiftFramework.framework */; };
		47498F1B1D3E8CFB004AAF9B /* ToastSwiftFramework.framework in Embed Frameworks */ = {isa = PBXBuildFile; fileRef = 47498F181D3E8C3A004AAF9B /* ToastSwiftFramework.framework */; settings = {ATTRIBUTES = (CodeSignOnCopy, RemoveHeadersOnCopy, ); }; };
		47498F1F1D4212AA004AAF9B /* ZFRippleButton.swift in Sources */ = {isa = PBXBuildFile; fileRef = 47498F1E1D4212AA004AAF9B /* ZFRippleButton.swift */; };
		47498F211D427B6C004AAF9B /* SecondViewController.swift in Sources */ = {isa = PBXBuildFile; fileRef = 47498F201D427B6C004AAF9B /* SecondViewController.swift */; };
		47498F231D464002004AAF9B /* Bluetonium.framework in Frameworks */ = {isa = PBXBuildFile; fileRef = 47498F221D464002004AAF9B /* Bluetonium.framework */; };
		47498F261D465096004AAF9B /* Bluetonium.framework in Frameworks */ = {isa = PBXBuildFile; fileRef = 47498F221D464002004AAF9B /* Bluetonium.framework */; };
		47498F271D465096004AAF9B /* Bluetonium.framework in Embed Frameworks */ = {isa = PBXBuildFile; fileRef = 47498F221D464002004AAF9B /* Bluetonium.framework */; settings = {ATTRIBUTES = (CodeSignOnCopy, RemoveHeadersOnCopy, ); }; };
		47BD46411D48E74D0086E2D6 /* Interface.storyboard in Resources */ = {isa = PBXBuildFile; fileRef = 47BD463F1D48E74D0086E2D6 /* Interface.storyboard */; };
		47BD46431D48E74D0086E2D6 /* Assets.xcassets in Resources */ = {isa = PBXBuildFile; fileRef = 47BD46421D48E74D0086E2D6 /* Assets.xcassets */; };
		47BD464A1D48E74D0086E2D6 /* bluetooth_hunter123321000 Extension.appex in Embed App Extensions */ = {isa = PBXBuildFile; fileRef = 47BD46491D48E74D0086E2D6 /* bluetooth_hunter123321000 Extension.appex */; settings = {ATTRIBUTES = (RemoveHeadersOnCopy, ); }; };
		47BD46511D48E74D0086E2D6 /* InterfaceController.swift in Sources */ = {isa = PBXBuildFile; fileRef = 47BD46501D48E74D0086E2D6 /* InterfaceController.swift */; };
		47BD46531D48E74D0086E2D6 /* ExtensionDelegate.swift in Sources */ = {isa = PBXBuildFile; fileRef = 47BD46521D48E74D0086E2D6 /* ExtensionDelegate.swift */; };
		47BD46551D48E74D0086E2D6 /* NotificationController.swift in Sources */ = {isa = PBXBuildFile; fileRef = 47BD46541D48E74D0086E2D6 /* NotificationController.swift */; };
		47BD46571D48E74D0086E2D6 /* Assets.xcassets in Resources */ = {isa = PBXBuildFile; fileRef = 47BD46561D48E74D0086E2D6 /* Assets.xcassets */; };
		47BD465B1D48E74D0086E2D6 /* bluetooth_hunter123321000.app in Embed Watch Content */ = {isa = PBXBuildFile; fileRef = 47BD463D1D48E74D0086E2D6 /* bluetooth_hunter123321000.app */; };
/* End PBXBuildFile section */

/* Begin PBXContainerItemProxy section */
		47498EFA1D3E8A95004AAF9B /* PBXContainerItemProxy */ = {
			isa = PBXContainerItemProxy;
			containerPortal = 47498EDD1D3E8A95004AAF9B /* Project object */;
			proxyType = 1;
			remoteGlobalIDString = 47498EE41D3E8A95004AAF9B;
			remoteInfo = MyUnitTest;
		};
		47498F051D3E8A96004AAF9B /* PBXContainerItemProxy */ = {
			isa = PBXContainerItemProxy;
			containerPortal = 47498EDD1D3E8A95004AAF9B /* Project object */;
			proxyType = 1;
			remoteGlobalIDString = 47498EE41D3E8A95004AAF9B;
			remoteInfo = MyUnitTest;
		};
		47BD464B1D48E74D0086E2D6 /* PBXContainerItemProxy */ = {
			isa = PBXContainerItemProxy;
			containerPortal = 47498EDD1D3E8A95004AAF9B /* Project object */;
			proxyType = 1;
			remoteGlobalIDString = 47BD46481D48E74D0086E2D6;
			remoteInfo = "bluetooth_hunter123321000 Extension";
		};
		47BD46591D48E74D0086E2D6 /* PBXContainerItemProxy */ = {
			isa = PBXContainerItemProxy;
			containerPortal = 47498EDD1D3E8A95004AAF9B /* Project object */;
			proxyType = 1;
			remoteGlobalIDString = 47BD463C1D48E74D0086E2D6;
			remoteInfo = bluetooth_hunter123321000;
		};
/* End PBXContainerItemProxy section */

/* Begin PBXCopyFilesBuildPhase section */
		47498F1C1D3E8CFC004AAF9B /* Embed Frameworks */ = {
			isa = PBXCopyFilesBuildPhase;
			buildActionMask = 2147483647;
			dstPath = "";
			dstSubfolderSpec = 10;
			files = (
				47498F271D465096004AAF9B /* Bluetonium.framework in Embed Frameworks */,
				47498F1B1D3E8CFB004AAF9B /* ToastSwiftFramework.framework in Embed Frameworks */,
			);
			name = "Embed Frameworks";
			runOnlyForDeploymentPostprocessing = 0;
		};
		47BD465F1D48E74E0086E2D6 /* Embed App Extensions */ = {
			isa = PBXCopyFilesBuildPhase;
			buildActionMask = 2147483647;
			dstPath = "";
			dstSubfolderSpec = 13;
			files = (
				47BD464A1D48E74D0086E2D6 /* bluetooth_hunter123321000 Extension.appex in Embed App Extensions */,
			);
			name = "Embed App Extensions";
			runOnlyForDeploymentPostprocessing = 0;
		};
		47BD46631D48E74E0086E2D6 /* Embed Watch Content */ = {
			isa = PBXCopyFilesBuildPhase;
			buildActionMask = 2147483647;
			dstPath = "$(CONTENTS_FOLDER_PATH)/Watch";
			dstSubfolderSpec = 16;
			files = (
				47BD465B1D48E74D0086E2D6 /* bluetooth_hunter123321000.app in Embed Watch Content */,
			);
			name = "Embed Watch Content";
			runOnlyForDeploymentPostprocessing = 0;
		};
/* End PBXCopyFilesBuildPhase section */

/* Begin PBXFileReference section */
		47498EE51D3E8A95004AAF9B /* MyUnitTest.app */ = {isa = PBXFileReference; explicitFileType = wrapper.application; includeInIndex = 0; path = MyUnitTest.app; sourceTree = BUILT_PRODUCTS_DIR; };
		47498EE81D3E8A95004AAF9B /* AppDelegate.swift */ = {isa = PBXFileReference; lastKnownFileType = sourcecode.swift; path = AppDelegate.swift; sourceTree = "<group>"; };
		47498EEA1D3E8A95004AAF9B /* ViewController.swift */ = {isa = PBXFileReference; lastKnownFileType = sourcecode.swift; path = ViewController.swift; sourceTree = "<group>"; };
		47498EED1D3E8A95004AAF9B /* Base */ = {isa = PBXFileReference; lastKnownFileType = file.storyboard; name = Base; path = Base.lproj/Main.storyboard; sourceTree = "<group>"; };
		47498EEF1D3E8A95004AAF9B /* Assets.xcassets */ = {isa = PBXFileReference; lastKnownFileType = folder.assetcatalog; path = Assets.xcassets; sourceTree = "<group>"; };
		47498EF21D3E8A95004AAF9B /* Base */ = {isa = PBXFileReference; lastKnownFileType = file.storyboard; name = Base; path = Base.lproj/LaunchScreen.storyboard; sourceTree = "<group>"; };
		47498EF41D3E8A95004AAF9B /* Info.plist */ = {isa = PBXFileReference; lastKnownFileType = text.plist.xml; path = Info.plist; sourceTree = "<group>"; };
		47498EF91D3E8A95004AAF9B /* MyUnitTestTests.xctest */ = {isa = PBXFileReference; explicitFileType = wrapper.cfbundle; includeInIndex = 0; path = MyUnitTestTests.xctest; sourceTree = BUILT_PRODUCTS_DIR; };
		47498EFD1D3E8A95004AAF9B /* MyUnitTestTests.swift */ = {isa = PBXFileReference; lastKnownFileType = sourcecode.swift; path = MyUnitTestTests.swift; sourceTree = "<group>"; };
		47498EFF1D3E8A96004AAF9B /* Info.plist */ = {isa = PBXFileReference; lastKnownFileType = text.plist.xml; path = Info.plist; sourceTree = "<group>"; };
		47498F041D3E8A96004AAF9B /* MyUnitTestUITests.xctest */ = {isa = PBXFileReference; explicitFileType = wrapper.cfbundle; includeInIndex = 0; path = MyUnitTestUITests.xctest; sourceTree = BUILT_PRODUCTS_DIR; };
		47498F081D3E8A96004AAF9B /* MyUnitTestUITests.swift */ = {isa = PBXFileReference; lastKnownFileType = sourcecode.swift; path = MyUnitTestUITests.swift; sourceTree = "<group>"; };
		47498F0A1D3E8A96004AAF9B /* Info.plist */ = {isa = PBXFileReference; lastKnownFileType = text.plist.xml; path = Info.plist; sourceTree = "<group>"; };
		47498F161D3E8B44004AAF9B /* ToastSwiftFramework.framework */ = {isa = PBXFileReference; lastKnownFileType = wrapper.framework; name = ToastSwiftFramework.framework; path = ../../xcode7.0_beta_test/HelloWorld/Carthage/Build/iOS/ToastSwiftFramework.framework; sourceTree = "<group>"; };
		47498F181D3E8C3A004AAF9B /* ToastSwiftFramework.framework */ = {isa = PBXFileReference; lastKnownFileType = wrapper.framework; name = ToastSwiftFramework.framework; path = Carthage/Build/iOS/ToastSwiftFramework.framework; sourceTree = "<group>"; };
		47498F1E1D4212AA004AAF9B /* ZFRippleButton.swift */ = {isa = PBXFileReference; fileEncoding = 4; lastKnownFileType = sourcecode.swift; path = ZFRippleButton.swift; sourceTree = "<group>"; };
		47498F201D427B6C004AAF9B /* SecondViewController.swift */ = {isa = PBXFileReference; fileEncoding = 4; lastKnownFileType = sourcecode.swift; path = SecondViewController.swift; sourceTree = "<group>"; };
		47498F221D464002004AAF9B /* Bluetonium.framework */ = {isa = PBXFileReference; lastKnownFileType = wrapper.framework; name = Bluetonium.framework; path = Carthage/Build/iOS/Bluetonium.framework; sourceTree = "<group>"; };
		47498F241D465052004AAF9B /* Bluetonium.framework.dSYM */ = {isa = PBXFileReference; lastKnownFileType = wrapper.dsym; name = Bluetonium.framework.dSYM; path = Carthage/Build/iOS/Bluetonium.framework.dSYM; sourceTree = "<group>"; };
		47BD463D1D48E74D0086E2D6 /* bluetooth_hunter123321000.app */ = {isa = PBXFileReference; explicitFileType = wrapper.application; includeInIndex = 0; path = bluetooth_hunter123321000.app; sourceTree = BUILT_PRODUCTS_DIR; };
		47BD46401D48E74D0086E2D6 /* Base */ = {isa = PBXFileReference; lastKnownFileType = file.storyboard; name = Base; path = Base.lproj/Interface.storyboard; sourceTree = "<group>"; };
		47BD46421D48E74D0086E2D6 /* Assets.xcassets */ = {isa = PBXFileReference; lastKnownFileType = folder.assetcatalog; path = Assets.xcassets; sourceTree = "<group>"; };
		47BD46441D48E74D0086E2D6 /* Info.plist */ = {isa = PBXFileReference; lastKnownFileType = text.plist.xml; path = Info.plist; sourceTree = "<group>"; };
		47BD46491D48E74D0086E2D6 /* bluetooth_hunter123321000 Extension.appex */ = {isa = PBXFileReference; explicitFileType = "wrapper.app-extension"; includeInIndex = 0; path = "bluetooth_hunter123321000 Extension.appex"; sourceTree = BUILT_PRODUCTS_DIR; };
		47BD464F1D48E74D0086E2D6 /* PushNotificationPayload.apns */ = {isa = PBXFileReference; lastKnownFileType = text; path = PushNotificationPayload.apns; sourceTree = "<group>"; };
		47BD46501D48E74D0086E2D6 /* InterfaceController.swift */ = {isa = PBXFileReference; lastKnownFileType = sourcecode.swift; path = InterfaceController.swift; sourceTree = "<group>"; };
		47BD46521D48E74D0086E2D6 /* ExtensionDelegate.swift */ = {isa = PBXFileReference; lastKnownFileType = sourcecode.swift; path = ExtensionDelegate.swift; sourceTree = "<group>"; };
		47BD46541D48E74D0086E2D6 /* NotificationController.swift */ = {isa = PBXFileReference; lastKnownFileType = sourcecode.swift; path = NotificationController.swift; sourceTree = "<group>"; };
		47BD46561D48E74D0086E2D6 /* Assets.xcassets */ = {isa = PBXFileReference; lastKnownFileType = folder.assetcatalog; path = Assets.xcassets; sourceTree = "<group>"; };
		47BD46581D48E74D0086E2D6 /* Info.plist */ = {isa = PBXFileReference; lastKnownFileType = text.plist.xml; path = Info.plist; sourceTree = "<group>"; };
/* End PBXFileReference section */

/* Begin PBXFrameworksBuildPhase section */
		47498EE21D3E8A95004AAF9B /* Frameworks */ = {
			isa = PBXFrameworksBuildPhase;
			buildActionMask = 2147483647;
			files = (
				47498F231D464002004AAF9B /* Bluetonium.framework in Frameworks */,
				47498F261D465096004AAF9B /* Bluetonium.framework in Frameworks */,
				47498F1A1D3E8CFB004AAF9B /* ToastSwiftFramework.framework in Frameworks */,
			);
			runOnlyForDeploymentPostprocessing = 0;
		};
		47498EF61D3E8A95004AAF9B /* Frameworks */ = {
			isa = PBXFrameworksBuildPhase;
			buildActionMask = 2147483647;
			files = (
			);
			runOnlyForDeploymentPostprocessing = 0;
		};
		47498F011D3E8A96004AAF9B /* Frameworks */ = {
			isa = PBXFrameworksBuildPhase;
			buildActionMask = 2147483647;
			files = (
			);
			runOnlyForDeploymentPostprocessing = 0;
		};
		47BD46461D48E74D0086E2D6 /* Frameworks */ = {
			isa = PBXFrameworksBuildPhase;
			buildActionMask = 2147483647;
			files = (
			);
			runOnlyForDeploymentPostprocessing = 0;
		};
/* End PBXFrameworksBuildPhase section */

/* Begin PBXGroup section */
		47498EDC1D3E8A95004AAF9B = {
			isa = PBXGroup;
			children = (
				47498F241D465052004AAF9B /* Bluetonium.framework.dSYM */,
				47498F221D464002004AAF9B /* Bluetonium.framework */,
				47498F181D3E8C3A004AAF9B /* ToastSwiftFramework.framework */,
				47498F161D3E8B44004AAF9B /* ToastSwiftFramework.framework */,
				47498EE71D3E8A95004AAF9B /* MyUnitTest */,
				47498EFC1D3E8A95004AAF9B /* MyUnitTestTests */,
				47498F071D3E8A96004AAF9B /* MyUnitTestUITests */,
				47BD463E1D48E74D0086E2D6 /* bluetooth_hunter123321000 */,
				47BD464D1D48E74D0086E2D6 /* bluetooth_hunter123321000 Extension */,
				47498EE61D3E8A95004AAF9B /* Products */,
			);
			sourceTree = "<group>";
		};
		47498EE61D3E8A95004AAF9B /* Products */ = {
			isa = PBXGroup;
			children = (
				47498EE51D3E8A95004AAF9B /* MyUnitTest.app */,
				47498EF91D3E8A95004AAF9B /* MyUnitTestTests.xctest */,
				47498F041D3E8A96004AAF9B /* MyUnitTestUITests.xctest */,
				47BD463D1D48E74D0086E2D6 /* bluetooth_hunter123321000.app */,
				47BD46491D48E74D0086E2D6 /* bluetooth_hunter123321000 Extension.appex */,
			);
			name = Products;
			sourceTree = "<group>";
		};
		47498EE71D3E8A95004AAF9B /* MyUnitTest */ = {
			isa = PBXGroup;
			children = (
				47498F1D1D42125D004AAF9B /* Class */,
				47498EE81D3E8A95004AAF9B /* AppDelegate.swift */,
				47498EEA1D3E8A95004AAF9B /* ViewController.swift */,
				47498EEC1D3E8A95004AAF9B /* Main.storyboard */,
				47498F201D427B6C004AAF9B /* SecondViewController.swift */,
				47498EEF1D3E8A95004AAF9B /* Assets.xcassets */,
				47498EF11D3E8A95004AAF9B /* LaunchScreen.storyboard */,
				47498EF41D3E8A95004AAF9B /* Info.plist */,
			);
			path = MyUnitTest;
			sourceTree = "<group>";
		};
		47498EFC1D3E8A95004AAF9B /* MyUnitTestTests */ = {
			isa = PBXGroup;
			children = (
				47498EFD1D3E8A95004AAF9B /* MyUnitTestTests.swift */,
				47498EFF1D3E8A96004AAF9B /* Info.plist */,
			);
			path = MyUnitTestTests;
			sourceTree = "<group>";
		};
		47498F071D3E8A96004AAF9B /* MyUnitTestUITests */ = {
			isa = PBXGroup;
			children = (
				47498F081D3E8A96004AAF9B /* MyUnitTestUITests.swift */,
				47498F0A1D3E8A96004AAF9B /* Info.plist */,
			);
			path = MyUnitTestUITests;
			sourceTree = "<group>";
		};
		47498F1D1D42125D004AAF9B /* Class */ = {
			isa = PBXGroup;
			children = (
				47498F1E1D4212AA004AAF9B /* ZFRippleButton.swift */,
			);
			name = Class;
			sourceTree = "<group>";
		};
		47BD463E1D48E74D0086E2D6 /* bluetooth_hunter123321000 */ = {
			isa = PBXGroup;
			children = (
				47BD463F1D48E74D0086E2D6 /* Interface.storyboard */,
				47BD46421D48E74D0086E2D6 /* Assets.xcassets */,
				47BD46441D48E74D0086E2D6 /* Info.plist */,
			);
			path = bluetooth_hunter123321000;
			sourceTree = "<group>";
		};
		47BD464D1D48E74D0086E2D6 /* bluetooth_hunter123321000 Extension */ = {
			isa = PBXGroup;
			children = (
				47BD46501D48E74D0086E2D6 /* InterfaceController.swift */,
				47BD46521D48E74D0086E2D6 /* ExtensionDelegate.swift */,
				47BD46541D48E74D0086E2D6 /* NotificationController.swift */,
				47BD46561D48E74D0086E2D6 /* Assets.xcassets */,
				47BD46581D48E74D0086E2D6 /* Info.plist */,
				47BD464E1D48E74D0086E2D6 /* Supporting Files */,
			);
			path = "bluetooth_hunter123321000 Extension";
			sourceTree = "<group>";
		};
		47BD464E1D48E74D0086E2D6 /* Supporting Files */ = {
			isa = PBXGroup;
			children = (
				47BD464F1D48E74D0086E2D6 /* PushNotificationPayload.apns */,
			);
			name = "Supporting Files";
			sourceTree = "<group>";
		};
/* End PBXGroup section */

/* Begin PBXNativeTarget section */
		47498EE41D3E8A95004AAF9B /* MyUnitTest */ = {
			isa = PBXNativeTarget;
			buildConfigurationList = 47498F0D1D3E8A96004AAF9B /* Build configuration list for PBXNativeTarget "MyUnitTest" */;
			buildPhases = (
				47498EE11D3E8A95004AAF9B /* Sources */,
				47498EE21D3E8A95004AAF9B /* Frameworks */,
				47498EE31D3E8A95004AAF9B /* Resources */,
				47498F1C1D3E8CFC004AAF9B /* Embed Frameworks */,
				47BD46631D48E74E0086E2D6 /* Embed Watch Content */,
			);
			buildRules = (
			);
			dependencies = (
				47BD465A1D48E74D0086E2D6 /* PBXTargetDependency */,
			);
			name = MyUnitTest;
			productName = MyUnitTest;
			productReference = 47498EE51D3E8A95004AAF9B /* MyUnitTest.app */;
			productType = "com.apple.product-type.application";
		};
		47498EF81D3E8A95004AAF9B /* MyUnitTestTests */ = {
			isa = PBXNativeTarget;
			buildConfigurationList = 47498F101D3E8A96004AAF9B /* Build configuration list for PBXNativeTarget "MyUnitTestTests" */;
			buildPhases = (
				47498EF51D3E8A95004AAF9B /* Sources */,
				47498EF61D3E8A95004AAF9B /* Frameworks */,
				47498EF71D3E8A95004AAF9B /* Resources */,
			);
			buildRules = (
			);
			dependencies = (
				47498EFB1D3E8A95004AAF9B /* PBXTargetDependency */,
			);
			name = MyUnitTestTests;
			productName = MyUnitTestTests;
			productReference = 47498EF91D3E8A95004AAF9B /* MyUnitTestTests.xctest */;
			productType = "com.apple.product-type.bundle.unit-test";
		};
		47498F031D3E8A96004AAF9B /* MyUnitTestUITests */ = {
			isa = PBXNativeTarget;
			buildConfigurationList = 47498F131D3E8A96004AAF9B /* Build configuration list for PBXNativeTarget "MyUnitTestUITests" */;
			buildPhases = (
				47498F001D3E8A96004AAF9B /* Sources */,
				47498F011D3E8A96004AAF9B /* Frameworks */,
				47498F021D3E8A96004AAF9B /* Resources */,
			);
			buildRules = (
			);
			dependencies = (
				47498F061D3E8A96004AAF9B /* PBXTargetDependency */,
			);
			name = MyUnitTestUITests;
			productName = MyUnitTestUITests;
			productReference = 47498F041D3E8A96004AAF9B /* MyUnitTestUITests.xctest */;
			productType = "com.apple.product-type.bundle.ui-testing";
		};
		47BD463C1D48E74D0086E2D6 /* bluetooth_hunter123321000 */ = {
			isa = PBXNativeTarget;
			buildConfigurationList = 47BD46601D48E74E0086E2D6 /* Build configuration list for PBXNativeTarget "bluetooth_hunter123321000" */;
			buildPhases = (
				47BD463B1D48E74D0086E2D6 /* Resources */,
				47BD465F1D48E74E0086E2D6 /* Embed App Extensions */,
			);
			buildRules = (
			);
			dependencies = (
				47BD464C1D48E74D0086E2D6 /* PBXTargetDependency */,
			);
			name = bluetooth_hunter123321000;
			productName = bluetooth_hunter123321000;
			productReference = 47BD463D1D48E74D0086E2D6 /* bluetooth_hunter123321000.app */;
			productType = "com.apple.product-type.application.watchapp2";
		};
		47BD46481D48E74D0086E2D6 /* bluetooth_hunter123321000 Extension */ = {
			isa = PBXNativeTarget;
			buildConfigurationList = 47BD465C1D48E74E0086E2D6 /* Build configuration list for PBXNativeTarget "bluetooth_hunter123321000 Extension" */;
			buildPhases = (
				47BD46451D48E74D0086E2D6 /* Sources */,
				47BD46461D48E74D0086E2D6 /* Frameworks */,
				47BD46471D48E74D0086E2D6 /* Resources */,
			);
			buildRules = (
			);
			dependencies = (
			);
			name = "bluetooth_hunter123321000 Extension";
			productName = "bluetooth_hunter123321000 Extension";
			productReference = 47BD46491D48E74D0086E2D6 /* bluetooth_hunter123321000 Extension.appex */;
			productType = "com.apple.product-type.watchkit2-extension";
		};
/* End PBXNativeTarget section */

/* Begin PBXProject section */
		47498EDD1D3E8A95004AAF9B /* Project object */ = {
			isa = PBXProject;
			attributes = {
				LastSwiftUpdateCheck = 0730;
				LastUpgradeCheck = 0730;
				ORGANIZATIONNAME = hunterchen;
				TargetAttributes = {
					47498EE41D3E8A95004AAF9B = {
						CreatedOnToolsVersion = 7.3.1;
						DevelopmentTeam = QPH3LHSFD4;
						SystemCapabilities = {
							com.apple.BackgroundModes = {
								enabled = 1;
							};
						};
					};
					47498EF81D3E8A95004AAF9B = {
						CreatedOnToolsVersion = 7.3.1;
						TestTargetID = 47498EE41D3E8A95004AAF9B;
					};
					47498F031D3E8A96004AAF9B = {
						CreatedOnToolsVersion = 7.3.1;
						TestTargetID = 47498EE41D3E8A95004AAF9B;
					};
					47BD463C1D48E74D0086E2D6 = {
						CreatedOnToolsVersion = 7.3.1;
						DevelopmentTeam = QPH3LHSFD4;
					};
					47BD46481D48E74D0086E2D6 = {
						CreatedOnToolsVersion = 7.3.1;
						DevelopmentTeam = QPH3LHSFD4;
					};
				};
			};
			buildConfigurationList = 47498EE01D3E8A95004AAF9B /* Build configuration list for PBXProject "MyUnitTest" */;
			compatibilityVersion = "Xcode 3.2";
			developmentRegion = English;
			hasScannedForEncodings = 0;
			knownRegions = (
				en,
				Base,
			);
			mainGroup = 47498EDC1D3E8A95004AAF9B;
			productRefGroup = 47498EE61D3E8A95004AAF9B /* Products */;
			projectDirPath = "";
			projectRoot = "";
			targets = (
				47498EE41D3E8A95004AAF9B /* MyUnitTest */,
				47498EF81D3E8A95004AAF9B /* MyUnitTestTests */,
				47498F031D3E8A96004AAF9B /* MyUnitTestUITests */,
				47BD463C1D48E74D0086E2D6 /* bluetooth_hunter123321000 */,
				47BD46481D48E74D0086E2D6 /* bluetooth_hunter123321000 Extension */,
			);
		};
/* End PBXProject section */

/* Begin PBXResourcesBuildPhase section */
		47498EE31D3E8A95004AAF9B /* Resources */ = {
			isa = PBXResourcesBuildPhase;
			buildActionMask = 2147483647;
			files = (
				47498EF31D3E8A95004AAF9B /* LaunchScreen.storyboard in Resources */,
				47498EF01D3E8A95004AAF9B /* Assets.xcassets in Resources */,
				47498EEE1D3E8A95004AAF9B /* Main.storyboard in Resources */,
			);
			runOnlyForDeploymentPostprocessing = 0;
		};
		47498EF71D3E8A95004AAF9B /* Resources */ = {
			isa = PBXResourcesBuildPhase;
			buildActionMask = 2147483647;
			files = (
			);
			runOnlyForDeploymentPostprocessing = 0;
		};
		47498F021D3E8A96004AAF9B /* Resources */ = {
			isa = PBXResourcesBuildPhase;
			buildActionMask = 2147483647;
			files = (
			);
			runOnlyForDeploymentPostprocessing = 0;
		};
		47BD463B1D48E74D0086E2D6 /* Resources */ = {
			isa = PBXResourcesBuildPhase;
			buildActionMask = 2147483647;
			files = (
				47BD46431D48E74D0086E2D6 /* Assets.xcassets in Resources */,
				47BD46411D48E74D0086E2D6 /* Interface.storyboard in Resources */,
			);
			runOnlyForDeploymentPostprocessing = 0;
		};
		47BD46471D48E74D0086E2D6 /* Resources */ = {
			isa = PBXResourcesBuildPhase;
			buildActionMask = 2147483647;
			files = (
				47BD46571D48E74D0086E2D6 /* Assets.xcassets in Resources */,
			);
			runOnlyForDeploymentPostprocessing = 0;
		};
/* End PBXResourcesBuildPhase section */

/* Begin PBXSourcesBuildPhase section */
		47498EE11D3E8A95004AAF9B /* Sources */ = {
			isa = PBXSourcesBuildPhase;
			buildActionMask = 2147483647;
			files = (
				47498F211D427B6C004AAF9B /* SecondViewController.swift in Sources */,
				47498F1F1D4212AA004AAF9B /* ZFRippleButton.swift in Sources */,
				47498EEB1D3E8A95004AAF9B /* ViewController.swift in Sources */,
				47498EE91D3E8A95004AAF9B /* AppDelegate.swift in Sources */,
			);
			runOnlyForDeploymentPostprocessing = 0;
		};
		47498EF51D3E8A95004AAF9B /* Sources */ = {
			isa = PBXSourcesBuildPhase;
			buildActionMask = 2147483647;
			files = (
				47498EFE1D3E8A95004AAF9B /* MyUnitTestTests.swift in Sources */,
			);
			runOnlyForDeploymentPostprocessing = 0;
		};
		47498F001D3E8A96004AAF9B /* Sources */ = {
			isa = PBXSourcesBuildPhase;
			buildActionMask = 2147483647;
			files = (
				47498F091D3E8A96004AAF9B /* MyUnitTestUITests.swift in Sources */,
			);
			runOnlyForDeploymentPostprocessing = 0;
		};
		47BD46451D48E74D0086E2D6 /* Sources */ = {
			isa = PBXSourcesBuildPhase;
			buildActionMask = 2147483647;
			files = (
				47BD46551D48E74D0086E2D6 /* NotificationController.swift in Sources */,
				47BD46531D48E74D0086E2D6 /* ExtensionDelegate.swift in Sources */,
				47BD46511D48E74D0086E2D6 /* InterfaceController.swift in Sources */,
			);
			runOnlyForDeploymentPostprocessing = 0;
		};
/* End PBXSourcesBuildPhase section */

/* Begin PBXTargetDependency section */
		47498EFB1D3E8A95004AAF9B /* PBXTargetDependency */ = {
			isa = PBXTargetDependency;
			target = 47498EE41D3E8A95004AAF9B /* MyUnitTest */;
			targetProxy = 47498EFA1D3E8A95004AAF9B /* PBXContainerItemProxy */;
		};
		47498F061D3E8A96004AAF9B /* PBXTargetDependency */ = {
			isa = PBXTargetDependency;
			target = 47498EE41D3E8A95004AAF9B /* MyUnitTest */;
			targetProxy = 47498F051D3E8A96004AAF9B /* PBXContainerItemProxy */;
		};
		47BD464C1D48E74D0086E2D6 /* PBXTargetDependency */ = {
			isa = PBXTargetDependency;
			target = 47BD46481D48E74D0086E2D6 /* bluetooth_hunter123321000 Extension */;
			targetProxy = 47BD464B1D48E74D0086E2D6 /* PBXContainerItemProxy */;
		};
		47BD465A1D48E74D0086E2D6 /* PBXTargetDependency */ = {
			isa = PBXTargetDependency;
			target = 47BD463C1D48E74D0086E2D6 /* bluetooth_hunter123321000 */;
			targetProxy = 47BD46591D48E74D0086E2D6 /* PBXContainerItemProxy */;
		};
/* End PBXTargetDependency section */

/* Begin PBXVariantGroup section */
		47498EEC1D3E8A95004AAF9B /* Main.storyboard */ = {
			isa = PBXVariantGroup;
			children = (
				47498EED1D3E8A95004AAF9B /* Base */,
			);
			name = Main.storyboard;
			sourceTree = "<group>";
		};
		47498EF11D3E8A95004AAF9B /* LaunchScreen.storyboard */ = {
			isa = PBXVariantGroup;
			children = (
				47498EF21D3E8A95004AAF9B /* Base */,
			);
			name = LaunchScreen.storyboard;
			sourceTree = "<group>";
		};
		47BD463F1D48E74D0086E2D6 /* Interface.storyboard */ = {
			isa = PBXVariantGroup;
			children = (
				47BD46401D48E74D0086E2D6 /* Base */,
			);
			name = Interface.storyboard;
			sourceTree = "<group>";
		};
/* End PBXVariantGroup section */

/* Begin XCBuildConfiguration section */
		47498F0B1D3E8A96004AAF9B /* Debug */ = {
			isa = XCBuildConfiguration;
			buildSettings = {
				ALWAYS_SEARCH_USER_PATHS = NO;
				CLANG_ANALYZER_NONNULL = YES;
				CLANG_CXX_LANGUAGE_STANDARD = "gnu++0x";
				CLANG_CXX_LIBRARY = "libc++";
				CLANG_ENABLE_MODULES = YES;
				CLANG_ENABLE_OBJC_ARC = YES;
				CLANG_WARN_BOOL_CONVERSION = YES;
				CLANG_WARN_CONSTANT_CONVERSION = YES;
				CLANG_WARN_DIRECT_OBJC_ISA_USAGE = YES_ERROR;
				CLANG_WARN_EMPTY_BODY = YES;
				CLANG_WARN_ENUM_CONVERSION = YES;
				CLANG_WARN_INT_CONVERSION = YES;
				CLANG_WARN_OBJC_ROOT_CLASS = YES_ERROR;
				CLANG_WARN_UNREACHABLE_CODE = YES;
				CLANG_WARN__DUPLICATE_METHOD_MATCH = YES;
				"CODE_SIGN_IDENTITY[sdk=iphoneos*]" = "iPhone Developer";
				COPY_PHASE_STRIP = NO;
				DEBUG_INFORMATION_FORMAT = dwarf;
				ENABLE_STRICT_OBJC_MSGSEND = YES;
				ENABLE_TESTABILITY = YES;
				GCC_C_LANGUAGE_STANDARD = gnu99;
				GCC_DYNAMIC_NO_PIC = NO;
				GCC_NO_COMMON_BLOCKS = YES;
				GCC_OPTIMIZATION_LEVEL = 0;
				GCC_PREPROCESSOR_DEFINITIONS = (
					"DEBUG=1",
					"$(inherited)",
				);
				GCC_WARN_64_TO_32_BIT_CONVERSION = YES;
				GCC_WARN_ABOUT_RETURN_TYPE = YES_ERROR;
				GCC_WARN_UNDECLARED_SELECTOR = YES;
				GCC_WARN_UNINITIALIZED_AUTOS = YES_AGGRESSIVE;
				GCC_WARN_UNUSED_FUNCTION = YES;
				GCC_WARN_UNUSED_VARIABLE = YES;
				IPHONEOS_DEPLOYMENT_TARGET = 9.3;
				MTL_ENABLE_DEBUG_INFO = YES;
				ONLY_ACTIVE_ARCH = YES;
				SDKROOT = iphoneos;
				SWIFT_OPTIMIZATION_LEVEL = "-Onone";
				TARGETED_DEVICE_FAMILY = "1,2";
			};
			name = Debug;
		};
		47498F0C1D3E8A96004AAF9B /* Release */ = {
			isa = XCBuildConfiguration;
			buildSettings = {
				ALWAYS_SEARCH_USER_PATHS = NO;
				CLANG_ANALYZER_NONNULL = YES;
				CLANG_CXX_LANGUAGE_STANDARD = "gnu++0x";
				CLANG_CXX_LIBRARY = "libc++";
				CLANG_ENABLE_MODULES = YES;
				CLANG_ENABLE_OBJC_ARC = YES;
				CLANG_WARN_BOOL_CONVERSION = YES;
				CLANG_WARN_CONSTANT_CONVERSION = YES;
				CLANG_WARN_DIRECT_OBJC_ISA_USAGE = YES_ERROR;
				CLANG_WARN_EMPTY_BODY = YES;
				CLANG_WARN_ENUM_CONVERSION = YES;
				CLANG_WARN_INT_CONVERSION = YES;
				CLANG_WARN_OBJC_ROOT_CLASS = YES_ERROR;
				CLANG_WARN_UNREACHABLE_CODE = YES;
				CLANG_WARN__DUPLICATE_METHOD_MATCH = YES;
				"CODE_SIGN_IDENTITY[sdk=iphoneos*]" = "iPhone Developer";
				COPY_PHASE_STRIP = NO;
				DEBUG_INFORMATION_FORMAT = "dwarf-with-dsym";
				ENABLE_NS_ASSERTIONS = NO;
				ENABLE_STRICT_OBJC_MSGSEND = YES;
				GCC_C_LANGUAGE_STANDARD = gnu99;
				GCC_NO_COMMON_BLOCKS = YES;
				GCC_WARN_64_TO_32_BIT_CONVERSION = YES;
				GCC_WARN_ABOUT_RETURN_TYPE = YES_ERROR;
				GCC_WARN_UNDECLARED_SELECTOR = YES;
				GCC_WARN_UNINITIALIZED_AUTOS = YES_AGGRESSIVE;
				GCC_WARN_UNUSED_FUNCTION = YES;
				GCC_WARN_UNUSED_VARIABLE = YES;
				IPHONEOS_DEPLOYMENT_TARGET = 9.3;
				MTL_ENABLE_DEBUG_INFO = NO;
				SDKROOT = iphoneos;
				TARGETED_DEVICE_FAMILY = "1,2";
				VALIDATE_PRODUCT = YES;
			};
			name = Release;
		};
		47498F0E1D3E8A96004AAF9B /* Debug */ = {
			isa = XCBuildConfiguration;
			buildSettings = {
				ASSETCATALOG_COMPILER_APPICON_NAME = AppIcon;
				CODE_SIGN_IDENTITY = "iPhone Developer";
				"CODE_SIGN_IDENTITY[sdk=iphoneos*]" = "iPhone Developer";
				FRAMEWORK_SEARCH_PATHS = (
					"$(inherited)",
					"$(PROJECT_DIR)/Carthage/Build/iOS",
				);
				INFOPLIST_FILE = MyUnitTest/Info.plist;
				LD_RUNPATH_SEARCH_PATHS = "$(inherited) @executable_path/Frameworks";
				PRODUCT_BUNDLE_IDENTIFIER = com.hunter123321000.myunittest.MyUnitTest;
				PRODUCT_NAME = "$(TARGET_NAME)";
				PROVISIONING_PROFILE = "";
			};
			name = Debug;
		};
		47498F0F1D3E8A96004AAF9B /* Release */ = {
			isa = XCBuildConfiguration;
			buildSettings = {
				ASSETCATALOG_COMPILER_APPICON_NAME = AppIcon;
				CODE_SIGN_IDENTITY = "iPhone Developer";
				"CODE_SIGN_IDENTITY[sdk=iphoneos*]" = "iPhone Developer";
				FRAMEWORK_SEARCH_PATHS = (
					"$(inherited)",
					"$(PROJECT_DIR)/Carthage/Build/iOS",
				);
				INFOPLIST_FILE = MyUnitTest/Info.plist;
				LD_RUNPATH_SEARCH_PATHS = "$(inherited) @executable_path/Frameworks";
				PRODUCT_BUNDLE_IDENTIFIER = com.hunter123321000.myunittest.MyUnitTest;
				PRODUCT_NAME = "$(TARGET_NAME)";
				PROVISIONING_PROFILE = "";
			};
			name = Release;
		};
		47498F111D3E8A96004AAF9B /* Debug */ = {
			isa = XCBuildConfiguration;
			buildSettings = {
				BUNDLE_LOADER = "$(TEST_HOST)";
				INFOPLIST_FILE = MyUnitTestTests/Info.plist;
				LD_RUNPATH_SEARCH_PATHS = "$(inherited) @executable_path/Frameworks @loader_path/Frameworks";
				PRODUCT_BUNDLE_IDENTIFIER = com.hunter123321000.myunittest.MyUnitTestTests;
				PRODUCT_NAME = "$(TARGET_NAME)";
				TEST_HOST = "$(BUILT_PRODUCTS_DIR)/MyUnitTest.app/MyUnitTest";
			};
			name = Debug;
		};
		47498F121D3E8A96004AAF9B /* Release */ = {
			isa = XCBuildConfiguration;
			buildSettings = {
				BUNDLE_LOADER = "$(TEST_HOST)";
				INFOPLIST_FILE = MyUnitTestTests/Info.plist;
				LD_RUNPATH_SEARCH_PATHS = "$(inherited) @executable_path/Frameworks @loader_path/Frameworks";
				PRODUCT_BUNDLE_IDENTIFIER = com.hunter123321000.myunittest.MyUnitTestTests;
				PRODUCT_NAME = "$(TARGET_NAME)";
				TEST_HOST = "$(BUILT_PRODUCTS_DIR)/MyUnitTest.app/MyUnitTest";
			};
			name = Release;
		};
		47498F141D3E8A96004AAF9B /* Debug */ = {
			isa = XCBuildConfiguration;
			buildSettings = {
				INFOPLIST_FILE = MyUnitTestUITests/Info.plist;
				LD_RUNPATH_SEARCH_PATHS = "$(inherited) @executable_path/Frameworks @loader_path/Frameworks";
				PRODUCT_BUNDLE_IDENTIFIER = com.hunter123321000.myunittest.MyUnitTestUITests;
				PRODUCT_NAME = "$(TARGET_NAME)";
				TEST_TARGET_NAME = MyUnitTest;
			};
			name = Debug;
		};
		47498F151D3E8A96004AAF9B /* Release */ = {
			isa = XCBuildConfiguration;
			buildSettings = {
				INFOPLIST_FILE = MyUnitTestUITests/Info.plist;
				LD_RUNPATH_SEARCH_PATHS = "$(inherited) @executable_path/Frameworks @loader_path/Frameworks";
				PRODUCT_BUNDLE_IDENTIFIER = com.hunter123321000.myunittest.MyUnitTestUITests;
				PRODUCT_NAME = "$(TARGET_NAME)";
				TEST_TARGET_NAME = MyUnitTest;
			};
			name = Release;
		};
		47BD465D1D48E74E0086E2D6 /* Debug */ = {
			isa = XCBuildConfiguration;
			buildSettings = {
				CODE_SIGN_IDENTITY = "iPhone Developer";
				"CODE_SIGN_IDENTITY[sdk=watchos*]" = "iPhone Developer";
				INFOPLIST_FILE = "bluetooth_hunter123321000 Extension/Info.plist";
				LD_RUNPATH_SEARCH_PATHS = "$(inherited) @executable_path/Frameworks @executable_path/../../Frameworks";
				PRODUCT_BUNDLE_IDENTIFIER = com.hunter123321000.myunittest.MyUnitTest.watchkitapp.watchkitextension;
				PRODUCT_NAME = "${TARGET_NAME}";
				PROVISIONING_PROFILE = "";
				SDKROOT = watchos;
				SKIP_INSTALL = YES;
				TARGETED_DEVICE_FAMILY = 4;
				WATCHOS_DEPLOYMENT_TARGET = 2.2;
			};
			name = Debug;
		};
		47BD465E1D48E74E0086E2D6 /* Release */ = {
			isa = XCBuildConfiguration;
			buildSettings = {
				CODE_SIGN_IDENTITY = "iPhone Developer";
				"CODE_SIGN_IDENTITY[sdk=watchos*]" = "iPhone Developer";
				INFOPLIST_FILE = "bluetooth_hunter123321000 Extension/Info.plist";
				LD_RUNPATH_SEARCH_PATHS = "$(inherited) @executable_path/Frameworks @executable_path/../../Frameworks";
				PRODUCT_BUNDLE_IDENTIFIER = com.hunter123321000.myunittest.MyUnitTest.watchkitapp.watchkitextension;
				PRODUCT_NAME = "${TARGET_NAME}";
				PROVISIONING_PROFILE = "";
				SDKROOT = watchos;
				SKIP_INSTALL = YES;
				TARGETED_DEVICE_FAMILY = 4;
				WATCHOS_DEPLOYMENT_TARGET = 2.2;
			};
			name = Release;
		};
		47BD46611D48E74E0086E2D6 /* Debug */ = {
			isa = XCBuildConfiguration;
			buildSettings = {
				ASSETCATALOG_COMPILER_APPICON_NAME = AppIcon;
				CODE_SIGN_IDENTITY = "iPhone Developer";
				"CODE_SIGN_IDENTITY[sdk=iphoneos*]" = "iPhone Developer";
				EMBEDDED_CONTENT_CONTAINS_SWIFT = YES;
				IBSC_MODULE = bluetooth_hunter123321000_Extension;
				INFOPLIST_FILE = bluetooth_hunter123321000/Info.plist;
				PRODUCT_BUNDLE_IDENTIFIER = com.hunter123321000.myunittest.MyUnitTest.watchkitapp;
				PRODUCT_NAME = "$(TARGET_NAME)";
				SDKROOT = watchos;
				SKIP_INSTALL = YES;
				TARGETED_DEVICE_FAMILY = 4;
				WATCHOS_DEPLOYMENT_TARGET = 2.2;
			};
			name = Debug;
		};
		47BD46621D48E74E0086E2D6 /* Release */ = {
			isa = XCBuildConfiguration;
			buildSettings = {
				ASSETCATALOG_COMPILER_APPICON_NAME = AppIcon;
				CODE_SIGN_IDENTITY = "iPhone Developer";
				"CODE_SIGN_IDENTITY[sdk=iphoneos*]" = "iPhone Developer";
				EMBEDDED_CONTENT_CONTAINS_SWIFT = YES;
				IBSC_MODULE = bluetooth_hunter123321000_Extension;
				INFOPLIST_FILE = bluetooth_hunter123321000/Info.plist;
				PRODUCT_BUNDLE_IDENTIFIER = com.hunter123321000.myunittest.MyUnitTest.watchkitapp;
				PRODUCT_NAME = "$(TARGET_NAME)";
				SDKROOT = watchos;
				SKIP_INSTALL = YES;
				TARGETED_DEVICE_FAMILY = 4;
				WATCHOS_DEPLOYMENT_TARGET = 2.2;
			};
			name = Release;
		};
/* End XCBuildConfiguration section */

/* Begin XCConfigurationList section */
		47498EE01D3E8A95004AAF9B /* Build configuration list for PBXProject "MyUnitTest" */ = {
			isa = XCConfigurationList;
			buildConfigurations = (
				47498F0B1D3E8A96004AAF9B /* Debug */,
				47498F0C1D3E8A96004AAF9B /* Release */,
			);
			defaultConfigurationIsVisible = 0;
			defaultConfigurationName = Release;
		};
		47498F0D1D3E8A96004AAF9B /* Build configuration list for PBXNativeTarget "MyUnitTest" */ = {
			isa = XCConfigurationList;
			buildConfigurations = (
				47498F0E1D3E8A96004AAF9B /* Debug */,
				47498F0F1D3E8A96004AAF9B /* Release */,
			);
			defaultConfigurationIsVisible = 0;
			defaultConfigurationName = Release;
		};
		47498F101D3E8A96004AAF9B /* Build configuration list for PBXNativeTarget "MyUnitTestTests" */ = {
			isa = XCConfigurationList;
			buildConfigurations = (
				47498F111D3E8A96004AAF9B /* Debug */,
				47498F121D3E8A96004AAF9B /* Release */,
			);
			defaultConfigurationIsVisible = 0;
			defaultConfigurationName = Release;
		};
		47498F131D3E8A96004AAF9B /* Build configuration list for PBXNativeTarget "MyUnitTestUITests" */ = {
			isa = XCConfigurationList;
			buildConfigurations = (
				47498F141D3E8A96004AAF9B /* Debug */,
				47498F151D3E8A96004AAF9B /* Release */,
			);
			defaultConfigurationIsVisible = 0;
			defaultConfigurationName = Release;
		};
		47BD465C1D48E74E0086E2D6 /* Build configuration list for PBXNativeTarget "bluetooth_hunter123321000 Extension" */ = {
			isa = XCConfigurationList;
			buildConfigurations = (
				47BD465D1D48E74E0086E2D6 /* Debug */,
				47BD465E1D48E74E0086E2D6 /* Release */,
			);
			defaultConfigurationIsVisible = 0;
		};
		47BD46601D48E74E0086E2D6 /* Build configuration list for PBXNativeTarget "bluetooth_hunter123321000" */ = {
			isa = XCConfigurationList;
			buildConfigurations = (
				47BD46611D48E74E0086E2D6 /* Debug */,
				47BD46621D48E74E0086E2D6 /* Release */,
			);
			defaultConfigurationIsVisible = 0;
		};
/* End XCConfigurationList section */
	};
	rootObject = 47498EDD1D3E8A95004AAF9B /* Project object */;
}
